
Microsoft Visual Studio Solution File, Format Version 12.00
# Visual Studio Version 16
VisualStudioVersion = 16.0.30204.135
MinimumVisualStudioVersion = 10.0.40219.1
Project("{FAE04EC0-301F-11D3-BF4B-00C04F79EFBC}") = "WindowsFormsApp1", "WindowsFormsApp1\WindowsFormsApp1.csproj", "{CBF58D0A-7649-4C85-87CA-A736FD367789}"
EndProject
Global
	GlobalSection(SolutionConfigurationPlatforms) = preSolution
		Debug|Any CPU = Debug|Any CPU
		Release|Any CPU = Release|Any CPU
	EndGlobalSection
	GlobalSection(ProjectConfigurationPlatforms) = postSolution
		{CBF58D0A-7649-4C85-87CA-A736FD367789}.Debug|Any CPU.ActiveCfg = Debug|Any CPU
		{CBF58D0A-7649-4C85-87CA-A736FD367789}.Debug|Any CPU.Build.0 = Debug|Any CPU
		{CBF58D0A-7649-4C85-87CA-A736FD367789}.Release|Any CPU.ActiveCfg = Release|Any CPU
		{CBF58D0A-7649-4C85-87CA-A736FD367789}.Release|Any CPU.Build.0 = Release|Any CPU
	EndGlobalSection
	GlobalSection(SolutionProperties) = preSolution
		HideSolutionNode = FALSE
	EndGlobalSection
	GlobalSection(ExtensibilityGlobals) = postSolution
		SolutionGuid = {8C51058A-BEB3-49FA-AC95-D1995F3E1D14}
	EndGlobalSection
EndGlobal
